
Microsoft Visual Studio Solution File, Format Version 12.00
# Visual Studio Version 17
VisualStudioVersion = 17.9.34728.123
MinimumVisualStudioVersion = 10.0.40219.1
Project("{FAE04EC0-301F-11D3-BF4B-00C04F79EFBC}") = "InspiringDash", "InspiringDash\InspiringDash\InspiringDash.csproj", "{D9895668-46AD-4634-8670-B9C2559F27EB}"
EndProject
Project("{FAE04EC0-301F-11D3-BF4B-00C04F79EFBC}") = "InspiringDash.Client", "InspiringDash\InspiringDash.Client\InspiringDash.Client.csproj", "{5F81C4AB-2573-4ECA-B258-3B6290E644F3}"
EndProject
Global
	GlobalSection(SolutionConfigurationPlatforms) = preSolution
		Debug|Any CPU = Debug|Any CPU
		Release|Any CPU = Release|Any CPU
	EndGlobalSection
	GlobalSection(ProjectConfigurationPlatforms) = postSolution
		{D9895668-46AD-4634-8670-B9C2559F27EB}.Debug|Any CPU.ActiveCfg = Debug|Any CPU
		{D9895668-46AD-4634-8670-B9C2559F27EB}.Debug|Any CPU.Build.0 = Debug|Any CPU
		{D9895668-46AD-4634-8670-B9C2559F27EB}.Release|Any CPU.ActiveCfg = Release|Any CPU
		{D9895668-46AD-4634-8670-B9C2559F27EB}.Release|Any CPU.Build.0 = Release|Any CPU
		{5F81C4AB-2573-4ECA-B258-3B6290E644F3}.Debug|Any CPU.ActiveCfg = Debug|Any CPU
		{5F81C4AB-2573-4ECA-B258-3B6290E644F3}.Debug|Any CPU.Build.0 = Debug|Any CPU
		{5F81C4AB-2573-4ECA-B258-3B6290E644F3}.Release|Any CPU.ActiveCfg = Release|Any CPU
		{5F81C4AB-2573-4ECA-B258-3B6290E644F3}.Release|Any CPU.Build.0 = Release|Any CPU
	EndGlobalSection
	GlobalSection(SolutionProperties) = preSolution
		HideSolutionNode = FALSE
	EndGlobalSection
	GlobalSection(ExtensibilityGlobals) = postSolution
		SolutionGuid = {E6505BF4-0E7B-4547-A60C-B23ECC2854B2}
	EndGlobalSection
EndGlobal
